
Microsoft Visual Studio Solution File, Format Version 12.00
# Visual Studio Version 17
VisualStudioVersion = 17.14.36203.30
MinimumVisualStudioVersion = 10.0.40219.1
Project("{FAE04EC0-301F-11D3-BF4B-00C04F79EFBC}") = "Net.Extensions.FormsValidation", "Net.Extensions.FormsValidation\Net.Extensions.FormsValidation.csproj", "{90803C9D-277F-380B-99A6-1D933172CA15}"
EndProject
Project("{FAE04EC0-301F-11D3-BF4B-00C04F79EFBC}") = "WinFormsAppTest", "WinFormsAppTest\WinFormsAppTest.csproj", "{D96F1444-6DFB-20F4-2EC2-BAB6CE6F115D}"
EndProject
Global
	GlobalSection(SolutionConfigurationPlatforms) = preSolution
		Debug|Any CPU = Debug|Any CPU
		Release|Any CPU = Release|Any CPU
	EndGlobalSection
	GlobalSection(ProjectConfigurationPlatforms) = postSolution
		{90803C9D-277F-380B-99A6-1D933172CA15}.Debug|Any CPU.ActiveCfg = Debug|Any CPU
		{90803C9D-277F-380B-99A6-1D933172CA15}.Debug|Any CPU.Build.0 = Debug|Any CPU
		{90803C9D-277F-380B-99A6-1D933172CA15}.Release|Any CPU.ActiveCfg = Release|Any CPU
		{90803C9D-277F-380B-99A6-1D933172CA15}.Release|Any CPU.Build.0 = Release|Any CPU
		{D96F1444-6DFB-20F4-2EC2-BAB6CE6F115D}.Debug|Any CPU.ActiveCfg = Debug|Any CPU
		{D96F1444-6DFB-20F4-2EC2-BAB6CE6F115D}.Debug|Any CPU.Build.0 = Debug|Any CPU
		{D96F1444-6DFB-20F4-2EC2-BAB6CE6F115D}.Release|Any CPU.ActiveCfg = Release|Any CPU
		{D96F1444-6DFB-20F4-2EC2-BAB6CE6F115D}.Release|Any CPU.Build.0 = Release|Any CPU
	EndGlobalSection
	GlobalSection(SolutionProperties) = preSolution
		HideSolutionNode = FALSE
	EndGlobalSection
	GlobalSection(ExtensibilityGlobals) = postSolution
		SolutionGuid = {51F65FE9-4479-445D-BE95-A021047CC4C9}
	EndGlobalSection
EndGlobal
